{
  "name": "demo",
  "version": "1.0.0",
  "lockfileVersion": 1,
  "requires": true,
  "dependencies": {
    "angular": {
      "version": "1.6.6",
      "resolved": "http://registry.npm.taobao.org/angular/download/angular-1.6.6.tgz",
      "integrity": "sha1-/Vo8+0N844LYVO4BEgeXl4Uny2Q="
    },
    "angular-ui-sortable": {
      "version": "0.17.2",
      "resolved": "http://registry.npm.taobao.org/angular-ui-sortable/download/angular-ui-sortable-0.17.2.tgz",
      "integrity": "sha1-jEQmytMGx83RwwtFSvhbLRWBjNw="
    },
    "arteditor": {
      "version": "1.0.3",
      "resolved": "http://registry.npm.taobao.org/arteditor/download/arteditor-1.0.3.tgz",
      "integrity": "sha1-wz2hsuFJ0ZbLkunf0Buycw1P+5A="
    },
    "clipboard": {
      "version": "1.7.1",
      "resolved": "http://registry.npm.taobao.org/clipboard/download/clipboard-1.7.1.tgz",
      "integrity": "sha1-Ng1taUbpmnof7zleQrqStem1oWs=",
      "requires": {
        "good-listener": "1.2.2",
        "select": "1.1.2",
        "tiny-emitter": "2.0.2"
      }
    },
    "clipboard-js": {
      "version": "0.3.6",
      "resolved": "http://registry.npm.taobao.org/clipboard-js/download/clipboard-js-0.3.6.tgz",
      "integrity": "sha1-YmCt1ptTGP3kC4D508jIY+/a8zk="
    },
    "delegate": {
      "version": "3.1.3",
      "resolved": "http://registry.npm.taobao.org/delegate/download/delegate-3.1.3.tgz",
      "integrity": "sha1-moJRp3fXAl+qVXN7w7BxdCEnqf0="
    },
    "good-listener": {
      "version": "1.2.2",
      "resolved": "http://registry.npm.taobao.org/good-listener/download/good-listener-1.2.2.tgz",
      "integrity": "sha1-1TswzfkxPf+33JoNR3CWqm0UXFA=",
      "requires": {
        "delegate": "3.1.3"
      }
    },
    "jquery": {
      "version": "3.2.1",
      "resolved": "http://registry.npm.taobao.org/jquery/download/jquery-3.2.1.tgz",
      "integrity": "sha1-XE2d5lKvbNCncBVKYxu6ErAVx4c="
    },
    "jquery-ui-dist": {
      "version": "1.12.1",
      "resolved": "http://registry.npm.taobao.org/jquery-ui-dist/download/jquery-ui-dist-1.12.1.tgz",
      "integrity": "sha1-XAgV08xvkP9fqvWyaKbiO0ypBPo="
    },
    "jquery-ui-sortable": {
      "version": "1.0.0",
      "resolved": "http://registry.npm.taobao.org/jquery-ui-sortable/download/jquery-ui-sortable-1.0.0.tgz",
      "integrity": "sha1-DuBizgKymzZYXt46Pg3d5mYGD5Y="
    },
    "layui-src": {
      "version": "2.2.1",
      "resolved": "http://registry.npm.taobao.org/layui-src/download/layui-src-2.2.1.tgz",
      "integrity": "sha1-wHK2BoWFjIMU3NcS/YtfdtT5T2I="
    },
    "muiv3": {
      "version": "3.3.0",
      "resolved": "http://registry.npm.taobao.org/muiv3/download/muiv3-3.3.0.tgz",
      "integrity": "sha1-2lAKvC8QkpfgO4ZIl+67d7bgYoU="
    },
    "select": {
      "version": "1.1.2",
      "resolved": "http://registry.npm.taobao.org/select/download/select-1.1.2.tgz",
      "integrity": "sha1-DnNQrN7ICxEIUoeG7B1EGNEbOW0="
    },
    "tiny-emitter": {
      "version": "2.0.2",
      "resolved": "http://registry.npm.taobao.org/tiny-emitter/download/tiny-emitter-2.0.2.tgz",
      "integrity": "sha1-gtJ0aKylrejl/R5tIrV91D69+3w="
    },
    "wangeditor": {
      "version": "2.1.23",
      "resolved": "http://registry.npm.taobao.org/wangeditor/download/wangeditor-2.1.23.tgz",
      "integrity": "sha1-WbptIkyyFuvJ1AzpJzJpDZmH+3o=",
      "requires": {
        "jquery": "2.2.4"
      },
      "dependencies": {
        "jquery": {
          "version": "2.2.4",
          "resolved": "http://registry.npm.taobao.org/jquery/download/jquery-2.2.4.tgz",
          "integrity": "sha1-LInWiJterFIqfuoywUUhVZxsvwI="
        }
      }
    }
  }
}
